// !$*UTF8*$!
{
	archiveVersion = 1;
	classes = {
	};
	objectVersion = 50;
	objects = {

/* Begin PBXBuildFile section */
		F2B0147D274BF4BA009F36F9 /* AppDelegate.swift in Sources */ = {isa = PBXBuildFile; fileRef = F2B0147C274BF4BA009F36F9 /* AppDelegate.swift */; };
		F2B0147F274BF4BA009F36F9 /* SceneDelegate.swift in Sources */ = {isa = PBXBuildFile; fileRef = F2B0147E274BF4BA009F36F9 /* SceneDelegate.swift */; };
		F2B01481274BF4BA009F36F9 /* ViewController.swift in Sources */ = {isa = PBXBuildFile; fileRef = F2B01480274BF4BA009F36F9 /* ViewController.swift */; };
		F2B01484274BF4BA009F36F9 /* Main.storyboard in Resources */ = {isa = PBXBuildFile; fileRef = F2B01482274BF4BA009F36F9 /* Main.storyboard */; };
		F2B01487274BF4BA009F36F9 /* Planets.xcdatamodeld in Sources */ = {isa = PBXBuildFile; fileRef = F2B01485274BF4BA009F36F9 /* Planets.xcdatamodeld */; };
		F2B01489274BF4BD009F36F9 /* Assets.xcassets in Resources */ = {isa = PBXBuildFile; fileRef = F2B01488274BF4BD009F36F9 /* Assets.xcassets */; };
		F2B0148C274BF4BD009F36F9 /* LaunchScreen.storyboard in Resources */ = {isa = PBXBuildFile; fileRef = F2B0148A274BF4BD009F36F9 /* LaunchScreen.storyboard */; };
		F2B01497274BF4BD009F36F9 /* PlanetsTests.swift in Sources */ = {isa = PBXBuildFile; fileRef = F2B01496274BF4BD009F36F9 /* PlanetsTests.swift */; };
		F2B014A2274BF4BD009F36F9 /* PlanetsUITests.swift in Sources */ = {isa = PBXBuildFile; fileRef = F2B014A1274BF4BD009F36F9 /* PlanetsUITests.swift */; };
/* End PBXBuildFile section */

/* Begin PBXContainerItemProxy section */
		F2B01493274BF4BD009F36F9 /* PBXContainerItemProxy */ = {
			isa = PBXContainerItemProxy;
			containerPortal = F2B01471274BF4BA009F36F9 /* Project object */;
			proxyType = 1;
			remoteGlobalIDString = F2B01478274BF4BA009F36F9;
			remoteInfo = Planets;
		};
		F2B0149E274BF4BD009F36F9 /* PBXContainerItemProxy */ = {
			isa = PBXContainerItemProxy;
			containerPortal = F2B01471274BF4BA009F36F9 /* Project object */;
			proxyType = 1;
			remoteGlobalIDString = F2B01478274BF4BA009F36F9;
			remoteInfo = Planets;
		};
/* End PBXContainerItemProxy section */

/* Begin PBXFileReference section */
		F2B01479274BF4BA009F36F9 /* Planets.app */ = {isa = PBXFileReference; explicitFileType = wrapper.application; includeInIndex = 0; path = Planets.app; sourceTree = BUILT_PRODUCTS_DIR; };
		F2B0147C274BF4BA009F36F9 /* AppDelegate.swift */ = {isa = PBXFileReference; lastKnownFileType = sourcecode.swift; path = AppDelegate.swift; sourceTree = "<group>"; };
		F2B0147E274BF4BA009F36F9 /* SceneDelegate.swift */ = {isa = PBXFileReference; lastKnownFileType = sourcecode.swift; path = SceneDelegate.swift; sourceTree = "<group>"; };
		F2B01480274BF4BA009F36F9 /* ViewController.swift */ = {isa = PBXFileReference; lastKnownFileType = sourcecode.swift; path = ViewController.swift; sourceTree = "<group>"; };
		F2B01483274BF4BA009F36F9 /* Base */ = {isa = PBXFileReference; lastKnownFileType = file.storyboard; name = Base; path = Base.lproj/Main.storyboard; sourceTree = "<group>"; };
		F2B01486274BF4BA009F36F9 /* Planets.xcdatamodel */ = {isa = PBXFileReference; lastKnownFileType = wrapper.xcdatamodel; path = Planets.xcdatamodel; sourceTree = "<group>"; };
		F2B01488274BF4BD009F36F9 /* Assets.xcassets */ = {isa = PBXFileReference; lastKnownFileType = folder.assetcatalog; path = Assets.xcassets; sourceTree = "<group>"; };
		F2B0148B274BF4BD009F36F9 /* Base */ = {isa = PBXFileReference; lastKnownFileType = file.storyboard; name = Base; path = Base.lproj/LaunchScreen.storyboard; sourceTree = "<group>"; };
		F2B0148D274BF4BD009F36F9 /* Info.plist */ = {isa = PBXFileReference; lastKnownFileType = text.plist.xml; path = Info.plist; sourceTree = "<group>"; };
		F2B01492274BF4BD009F36F9 /* PlanetsTests.xctest */ = {isa = PBXFileReference; explicitFileType = wrapper.cfbundle; includeInIndex = 0; path = PlanetsTests.xctest; sourceTree = BUILT_PRODUCTS_DIR; };
		F2B01496274BF4BD009F36F9 /* PlanetsTests.swift */ = {isa = PBXFileReference; lastKnownFileType = sourcecode.swift; path = PlanetsTests.swift; sourceTree = "<group>"; };
		F2B01498274BF4BD009F36F9 /* Info.plist */ = {isa = PBXFileReference; lastKnownFileType = text.plist.xml; path = Info.plist; sourceTree = "<group>"; };
		F2B0149D274BF4BD009F36F9 /* PlanetsUITests.xctest */ = {isa = PBXFileReference; explicitFileType = wrapper.cfbundle; includeInIndex = 0; path = PlanetsUITests.xctest; sourceTree = BUILT_PRODUCTS_DIR; };
		F2B014A1274BF4BD009F36F9 /* PlanetsUITests.swift */ = {isa = PBXFileReference; lastKnownFileType = sourcecode.swift; path = PlanetsUITests.swift; sourceTree = "<group>"; };
		F2B014A3274BF4BD009F36F9 /* Info.plist */ = {isa = PBXFileReference; lastKnownFileType = text.plist.xml; path = Info.plist; sourceTree = "<group>"; };
/* End PBXFileReference section */

/* Begin PBXFrameworksBuildPhase section */
		F2B01476274BF4BA009F36F9 /* Frameworks */ = {
			isa = PBXFrameworksBuildPhase;
			buildActionMask = 2147483647;
			files = (
			);
			runOnlyForDeploymentPostprocessing = 0;
		};
		F2B0148F274BF4BD009F36F9 /* Frameworks */ = {
			isa = PBXFrameworksBuildPhase;
			buildActionMask = 2147483647;
			files = (
			);
			runOnlyForDeploymentPostprocessing = 0;
		};
		F2B0149A274BF4BD009F36F9 /* Frameworks */ = {
			isa = PBXFrameworksBuildPhase;
			buildActionMask = 2147483647;
			files = (
			);
			runOnlyForDeploymentPostprocessing = 0;
		};
/* End PBXFrameworksBuildPhase section */

/* Begin PBXGroup section */
		F2B01470274BF4BA009F36F9 = {
			isa = PBXGroup;
			children = (
				F2B0147B274BF4BA009F36F9 /* Planets */,
				F2B01495274BF4BD009F36F9 /* PlanetsTests */,
				F2B014A0274BF4BD009F36F9 /* PlanetsUITests */,
				F2B0147A274BF4BA009F36F9 /* Products */,
			);
			sourceTree = "<group>";
		};
		F2B0147A274BF4BA009F36F9 /* Products */ = {
			isa = PBXGroup;
			children = (
				F2B01479274BF4BA009F36F9 /* Planets.app */,
				F2B01492274BF4BD009F36F9 /* PlanetsTests.xctest */,
				F2B0149D274BF4BD009F36F9 /* PlanetsUITests.xctest */,
			);
			name = Products;
			sourceTree = "<group>";
		};
		F2B0147B274BF4BA009F36F9 /* Planets */ = {
			isa = PBXGroup;
			children = (
				F2B0147C274BF4BA009F36F9 /* AppDelegate.swift */,
				F2B0147E274BF4BA009F36F9 /* SceneDelegate.swift */,
				F2B01480274BF4BA009F36F9 /* ViewController.swift */,
				F2B01482274BF4BA009F36F9 /* Main.storyboard */,
				F2B01488274BF4BD009F36F9 /* Assets.xcassets */,
				F2B0148A274BF4BD009F36F9 /* LaunchScreen.storyboard */,
				F2B0148D274BF4BD009F36F9 /* Info.plist */,
				F2B01485274BF4BA009F36F9 /* Planets.xcdatamodeld */,
			);
			path = Planets;
			sourceTree = "<group>";
		};
		F2B01495274BF4BD009F36F9 /* PlanetsTests */ = {
			isa = PBXGroup;
			children = (
				F2B01496274BF4BD009F36F9 /* PlanetsTests.swift */,
				F2B01498274BF4BD009F36F9 /* Info.plist */,
			);
			path = PlanetsTests;
			sourceTree = "<group>";
		};
		F2B014A0274BF4BD009F36F9 /* PlanetsUITests */ = {
			isa = PBXGroup;
			children = (
				F2B014A1274BF4BD009F36F9 /* PlanetsUITests.swift */,
				F2B014A3274BF4BD009F36F9 /* Info.plist */,
			);
			path = PlanetsUITests;
			sourceTree = "<group>";
		};
/* End PBXGroup section */

/* Begin PBXNativeTarget section */
		F2B01478274BF4BA009F36F9 /* Planets */ = {
			isa = PBXNativeTarget;
			buildConfigurationList = F2B014A6274BF4BD009F36F9 /* Build configuration list for PBXNativeTarget "Planets" */;
			buildPhases = (
				F2B01475274BF4BA009F36F9 /* Sources */,
				F2B01476274BF4BA009F36F9 /* Frameworks */,
				F2B01477274BF4BA009F36F9 /* Resources */,
			);
			buildRules = (
			);
			dependencies = (
			);
			name = Planets;
			productName = Planets;
			productReference = F2B01479274BF4BA009F36F9 /* Planets.app */;
			productType = "com.apple.product-type.application";
		};
		F2B01491274BF4BD009F36F9 /* PlanetsTests */ = {
			isa = PBXNativeTarget;
			buildConfigurationList = F2B014A9274BF4BD009F36F9 /* Build configuration list for PBXNativeTarget "PlanetsTests" */;
			buildPhases = (
				F2B0148E274BF4BD009F36F9 /* Sources */,
				F2B0148F274BF4BD009F36F9 /* Frameworks */,
				F2B01490274BF4BD009F36F9 /* Resources */,
			);
			buildRules = (
			);
			dependencies = (
				F2B01494274BF4BD009F36F9 /* PBXTargetDependency */,
			);
			name = PlanetsTests;
			productName = PlanetsTests;
			productReference = F2B01492274BF4BD009F36F9 /* PlanetsTests.xctest */;
			productType = "com.apple.product-type.bundle.unit-test";
		};
		F2B0149C274BF4BD009F36F9 /* PlanetsUITests */ = {
			isa = PBXNativeTarget;
			buildConfigurationList = F2B014AC274BF4BD009F36F9 /* Build configuration list for PBXNativeTarget "PlanetsUITests" */;
			buildPhases = (
				F2B01499274BF4BD009F36F9 /* Sources */,
				F2B0149A274BF4BD009F36F9 /* Frameworks */,
				F2B0149B274BF4BD009F36F9 /* Resources */,
			);
			buildRules = (
			);
			dependencies = (
				F2B0149F274BF4BD009F36F9 /* PBXTargetDependency */,
			);
			name = PlanetsUITests;
			productName = PlanetsUITests;
			productReference = F2B0149D274BF4BD009F36F9 /* PlanetsUITests.xctest */;
			productType = "com.apple.product-type.bundle.ui-testing";
		};
/* End PBXNativeTarget section */

/* Begin PBXProject section */
		F2B01471274BF4BA009F36F9 /* Project object */ = {
			isa = PBXProject;
			attributes = {
				LastSwiftUpdateCheck = 1250;
				LastUpgradeCheck = 1250;
				TargetAttributes = {
					F2B01478274BF4BA009F36F9 = {
						CreatedOnToolsVersion = 12.5.1;
					};
					F2B01491274BF4BD009F36F9 = {
						CreatedOnToolsVersion = 12.5.1;
						TestTargetID = F2B01478274BF4BA009F36F9;
					};
					F2B0149C274BF4BD009F36F9 = {
						CreatedOnToolsVersion = 12.5.1;
						TestTargetID = F2B01478274BF4BA009F36F9;
					};
				};
			};
			buildConfigurationList = F2B01474274BF4BA009F36F9 /* Build configuration list for PBXProject "Planets" */;
			compatibilityVersion = "Xcode 9.3";
			developmentRegion = en;
			hasScannedForEncodings = 0;
			knownRegions = (
				en,
				Base,
			);
			mainGroup = F2B01470274BF4BA009F36F9;
			productRefGroup = F2B0147A274BF4BA009F36F9 /* Products */;
			projectDirPath = "";
			projectRoot = "";
			targets = (
				F2B01478274BF4BA009F36F9 /* Planets */,
				F2B01491274BF4BD009F36F9 /* PlanetsTests */,
				F2B0149C274BF4BD009F36F9 /* PlanetsUITests */,
			);
		};
/* End PBXProject section */

/* Begin PBXResourcesBuildPhase section */
		F2B01477274BF4BA009F36F9 /* Resources */ = {
			isa = PBXResourcesBuildPhase;
			buildActionMask = 2147483647;
			files = (
				F2B0148C274BF4BD009F36F9 /* LaunchScreen.storyboard in Resources */,
				F2B01489274BF4BD009F36F9 /* Assets.xcassets in Resources */,
				F2B01484274BF4BA009F36F9 /* Main.storyboard in Resources */,
			);
			runOnlyForDeploymentPostprocessing = 0;
		};
		F2B01490274BF4BD009F36F9 /* Resources */ = {
			isa = PBXResourcesBuildPhase;
			buildActionMask = 2147483647;
			files = (
			);
			runOnlyForDeploymentPostprocessing = 0;
		};
		F2B0149B274BF4BD009F36F9 /* Resources */ = {
			isa = PBXResourcesBuildPhase;
			buildActionMask = 2147483647;
			files = (
			);
			runOnlyForDeploymentPostprocessing = 0;
		};
/* End PBXResourcesBuildPhase section */

/* Begin PBXSourcesBuildPhase section */
		F2B01475274BF4BA009F36F9 /* Sources */ = {
			isa = PBXSourcesBuildPhase;
			buildActionMask = 2147483647;
			files = (
				F2B01481274BF4BA009F36F9 /* ViewController.swift in Sources */,
				F2B0147D274BF4BA009F36F9 /* AppDelegate.swift in Sources */,
				F2B0147F274BF4BA009F36F9 /* SceneDelegate.swift in Sources */,
				F2B01487274BF4BA009F36F9 /* Planets.xcdatamodeld in Sources */,
			);
			runOnlyForDeploymentPostprocessing = 0;
		};
		F2B0148E274BF4BD009F36F9 /* Sources */ = {
			isa = PBXSourcesBuildPhase;
			buildActionMask = 2147483647;
			files = (
				F2B01497274BF4BD009F36F9 /* PlanetsTests.swift in Sources */,
			);
			runOnlyForDeploymentPostprocessing = 0;
		};
		F2B01499274BF4BD009F36F9 /* Sources */ = {
			isa = PBXSourcesBuildPhase;
			buildActionMask = 2147483647;
			files = (
				F2B014A2274BF4BD009F36F9 /* PlanetsUITests.swift in Sources */,
			);
			runOnlyForDeploymentPostprocessing = 0;
		};
/* End PBXSourcesBuildPhase section */

/* Begin PBXTargetDependency section */
		F2B01494274BF4BD009F36F9 /* PBXTargetDependency */ = {
			isa = PBXTargetDependency;
			target = F2B01478274BF4BA009F36F9 /* Planets */;
			targetProxy = F2B01493274BF4BD009F36F9 /* PBXContainerItemProxy */;
		};
		F2B0149F274BF4BD009F36F9 /* PBXTargetDependency */ = {
			isa = PBXTargetDependency;
			target = F2B01478274BF4BA009F36F9 /* Planets */;
			targetProxy = F2B0149E274BF4BD009F36F9 /* PBXContainerItemProxy */;
		};
/* End PBXTargetDependency section */

/* Begin PBXVariantGroup section */
		F2B01482274BF4BA009F36F9 /* Main.storyboard */ = {
			isa = PBXVariantGroup;
			children = (
				F2B01483274BF4BA009F36F9 /* Base */,
			);
			name = Main.storyboard;
			sourceTree = "<group>";
		};
		F2B0148A274BF4BD009F36F9 /* LaunchScreen.storyboard */ = {
			isa = PBXVariantGroup;
			children = (
				F2B0148B274BF4BD009F36F9 /* Base */,
			);
			name = LaunchScreen.storyboard;
			sourceTree = "<group>";
		};
/* End PBXVariantGroup section */

/* Begin XCBuildConfiguration section */
		F2B014A4274BF4BD009F36F9 /* Debug */ = {
			isa = XCBuildConfiguration;
			buildSettings = {
				ALWAYS_SEARCH_USER_PATHS = NO;
				CLANG_ANALYZER_NONNULL = YES;
				CLANG_ANALYZER_NUMBER_OBJECT_CONVERSION = YES_AGGRESSIVE;
				CLANG_CXX_LANGUAGE_STANDARD = "gnu++14";
				CLANG_CXX_LIBRARY = "libc++";
				CLANG_ENABLE_MODULES = YES;
				CLANG_ENABLE_OBJC_ARC = YES;
				CLANG_ENABLE_OBJC_WEAK = YES;
				CLANG_WARN_BLOCK_CAPTURE_AUTORELEASING = YES;
				CLANG_WARN_BOOL_CONVERSION = YES;
				CLANG_WARN_COMMA = YES;
				CLANG_WARN_CONSTANT_CONVERSION = YES;
				CLANG_WARN_DEPRECATED_OBJC_IMPLEMENTATIONS = YES;
				CLANG_WARN_DIRECT_OBJC_ISA_USAGE = YES_ERROR;
				CLANG_WARN_DOCUMENTATION_COMMENTS = YES;
				CLANG_WARN_EMPTY_BODY = YES;
				CLANG_WARN_ENUM_CONVERSION = YES;
				CLANG_WARN_INFINITE_RECURSION = YES;
				CLANG_WARN_INT_CONVERSION = YES;
				CLANG_WARN_NON_LITERAL_NULL_CONVERSION = YES;
				CLANG_WARN_OBJC_IMPLICIT_RETAIN_SELF = YES;
				CLANG_WARN_OBJC_LITERAL_CONVERSION = YES;
				CLANG_WARN_OBJC_ROOT_CLASS = YES_ERROR;
				CLANG_WARN_QUOTED_INCLUDE_IN_FRAMEWORK_HEADER = YES;
				CLANG_WARN_RANGE_LOOP_ANALYSIS = YES;
				CLANG_WARN_STRICT_PROTOTYPES = YES;
				CLANG_WARN_SUSPICIOUS_MOVE = YES;
				CLANG_WARN_UNGUARDED_AVAILABILITY = YES_AGGRESSIVE;
				CLANG_WARN_UNREACHABLE_CODE = YES;
				CLANG_WARN__DUPLICATE_METHOD_MATCH = YES;
				COPY_PHASE_STRIP = NO;
				DEBUG_INFORMATION_FORMAT = dwarf;
				ENABLE_STRICT_OBJC_MSGSEND = YES;
				ENABLE_TESTABILITY = YES;
				GCC_C_LANGUAGE_STANDARD = gnu11;
				GCC_DYNAMIC_NO_PIC = NO;
				GCC_NO_COMMON_BLOCKS = YES;
				GCC_OPTIMIZATION_LEVEL = 0;
				GCC_PREPROCESSOR_DEFINITIONS = (
					"DEBUG=1",
					"$(inherited)",
				);
				GCC_WARN_64_TO_32_BIT_CONVERSION = YES;
				GCC_WARN_ABOUT_RETURN_TYPE = YES_ERROR;
				GCC_WARN_UNDECLARED_SELECTOR = YES;
				GCC_WARN_UNINITIALIZED_AUTOS = YES_AGGRESSIVE;
				GCC_WARN_UNUSED_FUNCTION = YES;
				GCC_WARN_UNUSED_VARIABLE = YES;
				IPHONEOS_DEPLOYMENT_TARGET = 14.5;
				MTL_ENABLE_DEBUG_INFO = INCLUDE_SOURCE;
				MTL_FAST_MATH = YES;
				ONLY_ACTIVE_ARCH = YES;
				SDKROOT = iphoneos;
				SWIFT_ACTIVE_COMPILATION_CONDITIONS = DEBUG;
				SWIFT_OPTIMIZATION_LEVEL = "-Onone";
			};
			name = Debug;
		};
		F2B014A5274BF4BD009F36F9 /* Release */ = {
			isa = XCBuildConfiguration;
			buildSettings = {
				ALWAYS_SEARCH_USER_PATHS = NO;
				CLANG_ANALYZER_NONNULL = YES;
				CLANG_ANALYZER_NUMBER_OBJECT_CONVERSION = YES_AGGRESSIVE;
				CLANG_CXX_LANGUAGE_STANDARD = "gnu++14";
				CLANG_CXX_LIBRARY = "libc++";
				CLANG_ENABLE_MODULES = YES;
				CLANG_ENABLE_OBJC_ARC = YES;
				CLANG_ENABLE_OBJC_WEAK = YES;
				CLANG_WARN_BLOCK_CAPTURE_AUTORELEASING = YES;
				CLANG_WARN_BOOL_CONVERSION = YES;
				CLANG_WARN_COMMA = YES;
				CLANG_WARN_CONSTANT_CONVERSION = YES;
				CLANG_WARN_DEPRECATED_OBJC_IMPLEMENTATIONS = YES;
				CLANG_WARN_DIRECT_OBJC_ISA_USAGE = YES_ERROR;
				CLANG_WARN_DOCUMENTATION_COMMENTS = YES;
				CLANG_WARN_EMPTY_BODY = YES;
				CLANG_WARN_ENUM_CONVERSION = YES;
				CLANG_WARN_INFINITE_RECURSION = YES;
				CLANG_WARN_INT_CONVERSION = YES;
				CLANG_WARN_NON_LITERAL_NULL_CONVERSION = YES;
				CLANG_WARN_OBJC_IMPLICIT_RETAIN_SELF = YES;
				CLANG_WARN_OBJC_LITERAL_CONVERSION = YES;
				CLANG_WARN_OBJC_ROOT_CLASS = YES_ERROR;
				CLANG_WARN_QUOTED_INCLUDE_IN_FRAMEWORK_HEADER = YES;
				CLANG_WARN_RANGE_LOOP_ANALYSIS = YES;
				CLANG_WARN_STRICT_PROTOTYPES = YES;
				CLANG_WARN_SUSPICIOUS_MOVE = YES;
				CLANG_WARN_UNGUARDED_AVAILABILITY = YES_AGGRESSIVE;
				CLANG_WARN_UNREACHABLE_CODE = YES;
				CLANG_WARN__DUPLICATE_METHOD_MATCH = YES;
				COPY_PHASE_STRIP = NO;
				DEBUG_INFORMATION_FORMAT = "dwarf-with-dsym";
				ENABLE_NS_ASSERTIONS = NO;
				ENABLE_STRICT_OBJC_MSGSEND = YES;
				GCC_C_LANGUAGE_STANDARD = gnu11;
				GCC_NO_COMMON_BLOCKS = YES;
				GCC_WARN_64_TO_32_BIT_CONVERSION = YES;
				GCC_WARN_ABOUT_RETURN_TYPE = YES_ERROR;
				GCC_WARN_UNDECLARED_SELECTOR = YES;
				GCC_WARN_UNINITIALIZED_AUTOS = YES_AGGRESSIVE;
				GCC_WARN_UNUSED_FUNCTION = YES;
				GCC_WARN_UNUSED_VARIABLE = YES;
				IPHONEOS_DEPLOYMENT_TARGET = 14.5;
				MTL_ENABLE_DEBUG_INFO = NO;
				MTL_FAST_MATH = YES;
				SDKROOT = iphoneos;
				SWIFT_COMPILATION_MODE = wholemodule;
				SWIFT_OPTIMIZATION_LEVEL = "-O";
				VALIDATE_PRODUCT = YES;
			};
			name = Release;
		};
		F2B014A7274BF4BD009F36F9 /* Debug */ = {
			isa = XCBuildConfiguration;
			buildSettings = {
				ASSETCATALOG_COMPILER_APPICON_NAME = AppIcon;
				ASSETCATALOG_COMPILER_GLOBAL_ACCENT_COLOR_NAME = AccentColor;
				CODE_SIGN_STYLE = Automatic;
				DEVELOPMENT_TEAM = LGB62TRSZ6;
				INFOPLIST_FILE = Planets/Info.plist;
				LD_RUNPATH_SEARCH_PATHS = (
					"$(inherited)",
					"@executable_path/Frameworks",
				);
				PRODUCT_BUNDLE_IDENTIFIER = JPMC.Planets;
				PRODUCT_NAME = "$(TARGET_NAME)";
				SWIFT_VERSION = 5.0;
				TARGETED_DEVICE_FAMILY = "1,2";
			};
			name = Debug;
		};
		F2B014A8274BF4BD009F36F9 /* Release */ = {
			isa = XCBuildConfiguration;
			buildSettings = {
				ASSETCATALOG_COMPILER_APPICON_NAME = AppIcon;
				ASSETCATALOG_COMPILER_GLOBAL_ACCENT_COLOR_NAME = AccentColor;
				CODE_SIGN_STYLE = Automatic;
				DEVELOPMENT_TEAM = LGB62TRSZ6;
				INFOPLIST_FILE = Planets/Info.plist;
				LD_RUNPATH_SEARCH_PATHS = (
					"$(inherited)",
					"@executable_path/Frameworks",
				);
				PRODUCT_BUNDLE_IDENTIFIER = JPMC.Planets;
				PRODUCT_NAME = "$(TARGET_NAME)";
				SWIFT_VERSION = 5.0;
				TARGETED_DEVICE_FAMILY = "1,2";
			};
			name = Release;
		};
		F2B014AA274BF4BD009F36F9 /* Debug */ = {
			isa = XCBuildConfiguration;
			buildSettings = {
				ALWAYS_EMBED_SWIFT_STANDARD_LIBRARIES = YES;
				BUNDLE_LOADER = "$(TEST_HOST)";
				CODE_SIGN_STYLE = Automatic;
				DEVELOPMENT_TEAM = LGB62TRSZ6;
				INFOPLIST_FILE = PlanetsTests/Info.plist;
				IPHONEOS_DEPLOYMENT_TARGET = 14.5;
				LD_RUNPATH_SEARCH_PATHS = (
					"$(inherited)",
					"@executable_path/Frameworks",
					"@loader_path/Frameworks",
				);
				PRODUCT_BUNDLE_IDENTIFIER = JPMC.PlanetsTests;
				PRODUCT_NAME = "$(TARGET_NAME)";
				SWIFT_VERSION = 5.0;
				TARGETED_DEVICE_FAMILY = "1,2";
				TEST_HOST = "$(BUILT_PRODUCTS_DIR)/Planets.app/Planets";
			};
			name = Debug;
		};
		F2B014AB274BF4BD009F36F9 /* Release */ = {
			isa = XCBuildConfiguration;
			buildSettings = {
				ALWAYS_EMBED_SWIFT_STANDARD_LIBRARIES = YES;
				BUNDLE_LOADER = "$(TEST_HOST)";
				CODE_SIGN_STYLE = Automatic;
				DEVELOPMENT_TEAM = LGB62TRSZ6;
				INFOPLIST_FILE = PlanetsTests/Info.plist;
				IPHONEOS_DEPLOYMENT_TARGET = 14.5;
				LD_RUNPATH_SEARCH_PATHS = (
					"$(inherited)",
					"@executable_path/Frameworks",
					"@loader_path/Frameworks",
				);
				PRODUCT_BUNDLE_IDENTIFIER = JPMC.PlanetsTests;
				PRODUCT_NAME = "$(TARGET_NAME)";
				SWIFT_VERSION = 5.0;
				TARGETED_DEVICE_FAMILY = "1,2";
				TEST_HOST = "$(BUILT_PRODUCTS_DIR)/Planets.app/Planets";
			};
			name = Release;
		};
		F2B014AD274BF4BD009F36F9 /* Debug */ = {
			isa = XCBuildConfiguration;
			buildSettings = {
				ALWAYS_EMBED_SWIFT_STANDARD_LIBRARIES = YES;
				CODE_SIGN_STYLE = Automatic;
				DEVELOPMENT_TEAM = LGB62TRSZ6;
				INFOPLIST_FILE = PlanetsUITests/Info.plist;
				LD_RUNPATH_SEARCH_PATHS = (
					"$(inherited)",
					"@executable_path/Frameworks",
					"@loader_path/Frameworks",
				);
				PRODUCT_BUNDLE_IDENTIFIER = JPMC.PlanetsUITests;
				PRODUCT_NAME = "$(TARGET_NAME)";
				SWIFT_VERSION = 5.0;
				TARGETED_DEVICE_FAMILY = "1,2";
				TEST_TARGET_NAME = Planets;
			};
			name = Debug;
		};
		F2B014AE274BF4BD009F36F9 /* Release */ = {
			isa = XCBuildConfiguration;
			buildSettings = {
				ALWAYS_EMBED_SWIFT_STANDARD_LIBRARIES = YES;
				CODE_SIGN_STYLE = Automatic;
				DEVELOPMENT_TEAM = LGB62TRSZ6;
				INFOPLIST_FILE = PlanetsUITests/Info.plist;
				LD_RUNPATH_SEARCH_PATHS = (
					"$(inherited)",
					"@executable_path/Frameworks",
					"@loader_path/Frameworks",
				);
				PRODUCT_BUNDLE_IDENTIFIER = JPMC.PlanetsUITests;
				PRODUCT_NAME = "$(TARGET_NAME)";
				SWIFT_VERSION = 5.0;
				TARGETED_DEVICE_FAMILY = "1,2";
				TEST_TARGET_NAME = Planets;
			};
			name = Release;
		};
/* End XCBuildConfiguration section */

/* Begin XCConfigurationList section */
		F2B01474274BF4BA009F36F9 /* Build configuration list for PBXProject "Planets" */ = {
			isa = XCConfigurationList;
			buildConfigurations = (
				F2B014A4274BF4BD009F36F9 /* Debug */,
				F2B014A5274BF4BD009F36F9 /* Release */,
			);
			defaultConfigurationIsVisible = 0;
			defaultConfigurationName = Release;
		};
		F2B014A6274BF4BD009F36F9 /* Build configuration list for PBXNativeTarget "Planets" */ = {
			isa = XCConfigurationList;
			buildConfigurations = (
				F2B014A7274BF4BD009F36F9 /* Debug */,
				F2B014A8274BF4BD009F36F9 /* Release */,
			);
			defaultConfigurationIsVisible = 0;
			defaultConfigurationName = Release;
		};
		F2B014A9274BF4BD009F36F9 /* Build configuration list for PBXNativeTarget "PlanetsTests" */ = {
			isa = XCConfigurationList;
			buildConfigurations = (
				F2B014AA274BF4BD009F36F9 /* Debug */,
				F2B014AB274BF4BD009F36F9 /* Release */,
			);
			defaultConfigurationIsVisible = 0;
			defaultConfigurationName = Release;
		};
		F2B014AC274BF4BD009F36F9 /* Build configuration list for PBXNativeTarget "PlanetsUITests" */ = {
			isa = XCConfigurationList;
			buildConfigurations = (
				F2B014AD274BF4BD009F36F9 /* Debug */,
				F2B014AE274BF4BD009F36F9 /* Release */,
			);
			defaultConfigurationIsVisible = 0;
			defaultConfigurationName = Release;
		};
/* End XCConfigurationList section */

/* Begin XCVersionGroup section */
		F2B01485274BF4BA009F36F9 /* Planets.xcdatamodeld */ = {
			isa = XCVersionGroup;
			children = (
				F2B01486274BF4BA009F36F9 /* Planets.xcdatamodel */,
			);
			currentVersion = F2B01486274BF4BA009F36F9 /* Planets.xcdatamodel */;
			path = Planets.xcdatamodeld;
			sourceTree = "<group>";
			versionGroupType = wrapper.xcdatamodel;
		};
/* End XCVersionGroup section */
	};
	rootObject = F2B01471274BF4BA009F36F9 /* Project object */;
}
