// !$*UTF8*$!
{
	archiveVersion = 1;
	classes = {
	};
	objectVersion = 50;
	objects = {

/* Begin PBXBuildFile section */
		F2088480274D5B62006D33BA /* PlanetsTableViewController.swift in Sources */ = {isa = PBXBuildFile; fileRef = F208847F274D5B62006D33BA /* PlanetsTableViewController.swift */; };
		F2088482274D5C21006D33BA /* PlanetsPresenter.swift in Sources */ = {isa = PBXBuildFile; fileRef = F2088481274D5C21006D33BA /* PlanetsPresenter.swift */; };
		F2088484274D5E17006D33BA /* PlanetTableViewCell.swift in Sources */ = {isa = PBXBuildFile; fileRef = F2088483274D5E17006D33BA /* PlanetTableViewCell.swift */; };
		F2088488274D6590006D33BA /* UIViewController+Alert.swift in Sources */ = {isa = PBXBuildFile; fileRef = F2088487274D6590006D33BA /* UIViewController+Alert.swift */; };
		F208848E274D9263006D33BA /* ApiClient.swift in Sources */ = {isa = PBXBuildFile; fileRef = F208848D274D9263006D33BA /* ApiClient.swift */; };
		F2088490274D92B1006D33BA /* Result.swift in Sources */ = {isa = PBXBuildFile; fileRef = F208848F274D92B1006D33BA /* Result.swift */; };
		F2088492274D9324006D33BA /* ApiResponse.swift in Sources */ = {isa = PBXBuildFile; fileRef = F2088491274D9324006D33BA /* ApiResponse.swift */; };
		F2088495274D93AA006D33BA /* PlanetsApiRequest.swift in Sources */ = {isa = PBXBuildFile; fileRef = F2088494274D93AA006D33BA /* PlanetsApiRequest.swift */; };
		F2088498274D9424006D33BA /* ApiPlanetsGateway.swift in Sources */ = {isa = PBXBuildFile; fileRef = F2088497274D9424006D33BA /* ApiPlanetsGateway.swift */; };
		F208849A274D952C006D33BA /* Planet.swift in Sources */ = {isa = PBXBuildFile; fileRef = F2088499274D952C006D33BA /* Planet.swift */; };
		F208849C274D966E006D33BA /* PlanetsGateway.swift in Sources */ = {isa = PBXBuildFile; fileRef = F208849B274D966E006D33BA /* PlanetsGateway.swift */; };
		F208849E274D9759006D33BA /* DisplayPlanetsList.swift in Sources */ = {isa = PBXBuildFile; fileRef = F208849D274D9759006D33BA /* DisplayPlanetsList.swift */; };
		F20884A1274D9951006D33BA /* ApiPlanetsResponse.swift in Sources */ = {isa = PBXBuildFile; fileRef = F20884A0274D9951006D33BA /* ApiPlanetsResponse.swift */; };
		F20884A5274DA1A7006D33BA /* Constants.swift in Sources */ = {isa = PBXBuildFile; fileRef = F20884A4274DA1A7006D33BA /* Constants.swift */; };
		F20884A7274DA355006D33BA /* PlanetsConfigurator.swift in Sources */ = {isa = PBXBuildFile; fileRef = F20884A6274DA355006D33BA /* PlanetsConfigurator.swift */; };
		F20884AA274DC1F1006D33BA /* NSManagedObjectContext+Utils.swift in Sources */ = {isa = PBXBuildFile; fileRef = F20884A9274DC1F1006D33BA /* NSManagedObjectContext+Utils.swift */; };
		F20884AC274DC295006D33BA /* CoreDataStack.swift in Sources */ = {isa = PBXBuildFile; fileRef = F20884AB274DC295006D33BA /* CoreDataStack.swift */; };
		F20884AF274DC443006D33BA /* LocalPersistencePlanetsGateway.swift in Sources */ = {isa = PBXBuildFile; fileRef = F20884AE274DC443006D33BA /* LocalPersistencePlanetsGateway.swift */; };
		F20884B2274DC487006D33BA /* CoreDataPlanet.swift in Sources */ = {isa = PBXBuildFile; fileRef = F20884B1274DC487006D33BA /* CoreDataPlanet.swift */; };
		F20884B5274DC5F9006D33BA /* CachePlanetsGateway.swift in Sources */ = {isa = PBXBuildFile; fileRef = F20884B4274DC5F9006D33BA /* CachePlanetsGateway.swift */; };
		F2B0147D274BF4BA009F36F9 /* AppDelegate.swift in Sources */ = {isa = PBXBuildFile; fileRef = F2B0147C274BF4BA009F36F9 /* AppDelegate.swift */; };
		F2B0147F274BF4BA009F36F9 /* SceneDelegate.swift in Sources */ = {isa = PBXBuildFile; fileRef = F2B0147E274BF4BA009F36F9 /* SceneDelegate.swift */; };
		F2B01481274BF4BA009F36F9 /* ViewController.swift in Sources */ = {isa = PBXBuildFile; fileRef = F2B01480274BF4BA009F36F9 /* ViewController.swift */; };
		F2B01484274BF4BA009F36F9 /* Main.storyboard in Resources */ = {isa = PBXBuildFile; fileRef = F2B01482274BF4BA009F36F9 /* Main.storyboard */; };
		F2B01487274BF4BA009F36F9 /* Planets.xcdatamodeld in Sources */ = {isa = PBXBuildFile; fileRef = F2B01485274BF4BA009F36F9 /* Planets.xcdatamodeld */; };
		F2B01489274BF4BD009F36F9 /* Assets.xcassets in Resources */ = {isa = PBXBuildFile; fileRef = F2B01488274BF4BD009F36F9 /* Assets.xcassets */; };
		F2B0148C274BF4BD009F36F9 /* LaunchScreen.storyboard in Resources */ = {isa = PBXBuildFile; fileRef = F2B0148A274BF4BD009F36F9 /* LaunchScreen.storyboard */; };
		F2B01497274BF4BD009F36F9 /* PlanetsTests.swift in Sources */ = {isa = PBXBuildFile; fileRef = F2B01496274BF4BD009F36F9 /* PlanetsTests.swift */; };
		F2B014A2274BF4BD009F36F9 /* PlanetsUITests.swift in Sources */ = {isa = PBXBuildFile; fileRef = F2B014A1274BF4BD009F36F9 /* PlanetsUITests.swift */; };
/* End PBXBuildFile section */

/* Begin PBXContainerItemProxy section */
		F2B01493274BF4BD009F36F9 /* PBXContainerItemProxy */ = {
			isa = PBXContainerItemProxy;
			containerPortal = F2B01471274BF4BA009F36F9 /* Project object */;
			proxyType = 1;
			remoteGlobalIDString = F2B01478274BF4BA009F36F9;
			remoteInfo = Planets;
		};
		F2B0149E274BF4BD009F36F9 /* PBXContainerItemProxy */ = {
			isa = PBXContainerItemProxy;
			containerPortal = F2B01471274BF4BA009F36F9 /* Project object */;
			proxyType = 1;
			remoteGlobalIDString = F2B01478274BF4BA009F36F9;
			remoteInfo = Planets;
		};
/* End PBXContainerItemProxy section */

/* Begin PBXFileReference section */
		F208847F274D5B62006D33BA /* PlanetsTableViewController.swift */ = {isa = PBXFileReference; lastKnownFileType = sourcecode.swift; path = PlanetsTableViewController.swift; sourceTree = "<group>"; };
		F2088481274D5C21006D33BA /* PlanetsPresenter.swift */ = {isa = PBXFileReference; lastKnownFileType = sourcecode.swift; path = PlanetsPresenter.swift; sourceTree = "<group>"; };
		F2088483274D5E17006D33BA /* PlanetTableViewCell.swift */ = {isa = PBXFileReference; lastKnownFileType = sourcecode.swift; path = PlanetTableViewCell.swift; sourceTree = "<group>"; };
		F2088487274D6590006D33BA /* UIViewController+Alert.swift */ = {isa = PBXFileReference; lastKnownFileType = sourcecode.swift; path = "UIViewController+Alert.swift"; sourceTree = "<group>"; };
		F208848D274D9263006D33BA /* ApiClient.swift */ = {isa = PBXFileReference; lastKnownFileType = sourcecode.swift; path = ApiClient.swift; sourceTree = "<group>"; };
		F208848F274D92B1006D33BA /* Result.swift */ = {isa = PBXFileReference; lastKnownFileType = sourcecode.swift; path = Result.swift; sourceTree = "<group>"; };
		F2088491274D9324006D33BA /* ApiResponse.swift */ = {isa = PBXFileReference; lastKnownFileType = sourcecode.swift; path = ApiResponse.swift; sourceTree = "<group>"; };
		F2088494274D93AA006D33BA /* PlanetsApiRequest.swift */ = {isa = PBXFileReference; lastKnownFileType = sourcecode.swift; path = PlanetsApiRequest.swift; sourceTree = "<group>"; };
		F2088497274D9424006D33BA /* ApiPlanetsGateway.swift */ = {isa = PBXFileReference; lastKnownFileType = sourcecode.swift; path = ApiPlanetsGateway.swift; sourceTree = "<group>"; };
		F2088499274D952C006D33BA /* Planet.swift */ = {isa = PBXFileReference; lastKnownFileType = sourcecode.swift; path = Planet.swift; sourceTree = "<group>"; };
		F208849B274D966E006D33BA /* PlanetsGateway.swift */ = {isa = PBXFileReference; lastKnownFileType = sourcecode.swift; path = PlanetsGateway.swift; sourceTree = "<group>"; };
		F208849D274D9759006D33BA /* DisplayPlanetsList.swift */ = {isa = PBXFileReference; lastKnownFileType = sourcecode.swift; path = DisplayPlanetsList.swift; sourceTree = "<group>"; };
		F20884A0274D9951006D33BA /* ApiPlanetsResponse.swift */ = {isa = PBXFileReference; lastKnownFileType = sourcecode.swift; path = ApiPlanetsResponse.swift; sourceTree = "<group>"; };
		F20884A4274DA1A7006D33BA /* Constants.swift */ = {isa = PBXFileReference; lastKnownFileType = sourcecode.swift; path = Constants.swift; sourceTree = "<group>"; };
		F20884A6274DA355006D33BA /* PlanetsConfigurator.swift */ = {isa = PBXFileReference; lastKnownFileType = sourcecode.swift; path = PlanetsConfigurator.swift; sourceTree = "<group>"; };
		F20884A9274DC1F1006D33BA /* NSManagedObjectContext+Utils.swift */ = {isa = PBXFileReference; lastKnownFileType = sourcecode.swift; path = "NSManagedObjectContext+Utils.swift"; sourceTree = "<group>"; };
		F20884AB274DC295006D33BA /* CoreDataStack.swift */ = {isa = PBXFileReference; lastKnownFileType = sourcecode.swift; path = CoreDataStack.swift; sourceTree = "<group>"; };
		F20884AE274DC443006D33BA /* LocalPersistencePlanetsGateway.swift */ = {isa = PBXFileReference; lastKnownFileType = sourcecode.swift; path = LocalPersistencePlanetsGateway.swift; sourceTree = "<group>"; };
		F20884B1274DC487006D33BA /* CoreDataPlanet.swift */ = {isa = PBXFileReference; lastKnownFileType = sourcecode.swift; path = CoreDataPlanet.swift; sourceTree = "<group>"; };
		F20884B4274DC5F9006D33BA /* CachePlanetsGateway.swift */ = {isa = PBXFileReference; lastKnownFileType = sourcecode.swift; path = CachePlanetsGateway.swift; sourceTree = "<group>"; };
		F2B01479274BF4BA009F36F9 /* Planets.app */ = {isa = PBXFileReference; explicitFileType = wrapper.application; includeInIndex = 0; path = Planets.app; sourceTree = BUILT_PRODUCTS_DIR; };
		F2B0147C274BF4BA009F36F9 /* AppDelegate.swift */ = {isa = PBXFileReference; lastKnownFileType = sourcecode.swift; path = AppDelegate.swift; sourceTree = "<group>"; };
		F2B0147E274BF4BA009F36F9 /* SceneDelegate.swift */ = {isa = PBXFileReference; lastKnownFileType = sourcecode.swift; path = SceneDelegate.swift; sourceTree = "<group>"; };
		F2B01480274BF4BA009F36F9 /* ViewController.swift */ = {isa = PBXFileReference; lastKnownFileType = sourcecode.swift; path = ViewController.swift; sourceTree = "<group>"; };
		F2B01483274BF4BA009F36F9 /* Base */ = {isa = PBXFileReference; lastKnownFileType = file.storyboard; name = Base; path = Base.lproj/Main.storyboard; sourceTree = "<group>"; };
		F2B01486274BF4BA009F36F9 /* Planets.xcdatamodel */ = {isa = PBXFileReference; lastKnownFileType = wrapper.xcdatamodel; path = Planets.xcdatamodel; sourceTree = "<group>"; };
		F2B01488274BF4BD009F36F9 /* Assets.xcassets */ = {isa = PBXFileReference; lastKnownFileType = folder.assetcatalog; path = Assets.xcassets; sourceTree = "<group>"; };
		F2B0148B274BF4BD009F36F9 /* Base */ = {isa = PBXFileReference; lastKnownFileType = file.storyboard; name = Base; path = Base.lproj/LaunchScreen.storyboard; sourceTree = "<group>"; };
		F2B0148D274BF4BD009F36F9 /* Info.plist */ = {isa = PBXFileReference; lastKnownFileType = text.plist.xml; path = Info.plist; sourceTree = "<group>"; };
		F2B01492274BF4BD009F36F9 /* PlanetsTests.xctest */ = {isa = PBXFileReference; explicitFileType = wrapper.cfbundle; includeInIndex = 0; path = PlanetsTests.xctest; sourceTree = BUILT_PRODUCTS_DIR; };
		F2B01496274BF4BD009F36F9 /* PlanetsTests.swift */ = {isa = PBXFileReference; lastKnownFileType = sourcecode.swift; path = PlanetsTests.swift; sourceTree = "<group>"; };
		F2B01498274BF4BD009F36F9 /* Info.plist */ = {isa = PBXFileReference; lastKnownFileType = text.plist.xml; path = Info.plist; sourceTree = "<group>"; };
		F2B0149D274BF4BD009F36F9 /* PlanetsUITests.xctest */ = {isa = PBXFileReference; explicitFileType = wrapper.cfbundle; includeInIndex = 0; path = PlanetsUITests.xctest; sourceTree = BUILT_PRODUCTS_DIR; };
		F2B014A1274BF4BD009F36F9 /* PlanetsUITests.swift */ = {isa = PBXFileReference; lastKnownFileType = sourcecode.swift; path = PlanetsUITests.swift; sourceTree = "<group>"; };
		F2B014A3274BF4BD009F36F9 /* Info.plist */ = {isa = PBXFileReference; lastKnownFileType = text.plist.xml; path = Info.plist; sourceTree = "<group>"; };
/* End PBXFileReference section */

/* Begin PBXFrameworksBuildPhase section */
		F2B01476274BF4BA009F36F9 /* Frameworks */ = {
			isa = PBXFrameworksBuildPhase;
			buildActionMask = 2147483647;
			files = (
			);
			runOnlyForDeploymentPostprocessing = 0;
		};
		F2B0148F274BF4BD009F36F9 /* Frameworks */ = {
			isa = PBXFrameworksBuildPhase;
			buildActionMask = 2147483647;
			files = (
			);
			runOnlyForDeploymentPostprocessing = 0;
		};
		F2B0149A274BF4BD009F36F9 /* Frameworks */ = {
			isa = PBXFrameworksBuildPhase;
			buildActionMask = 2147483647;
			files = (
			);
			runOnlyForDeploymentPostprocessing = 0;
		};
/* End PBXFrameworksBuildPhase section */

/* Begin PBXGroup section */
		F208847C274CD30E006D33BA /* EntityGateway */ = {
			isa = PBXGroup;
			children = (
				F208848C274D79C1006D33BA /* API */,
				F20884B3274DC5D4006D33BA /* Cache */,
				F20884A8274DBE4D006D33BA /* LocalPersistence */,
			);
			path = EntityGateway;
			sourceTree = "<group>";
		};
		F208847D274CD321006D33BA /* Scenes */ = {
			isa = PBXGroup;
			children = (
				F208847E274D5847006D33BA /* Planets */,
			);
			path = Scenes;
			sourceTree = "<group>";
		};
		F208847E274D5847006D33BA /* Planets */ = {
			isa = PBXGroup;
			children = (
				F20884A6274DA355006D33BA /* PlanetsConfigurator.swift */,
				F208847F274D5B62006D33BA /* PlanetsTableViewController.swift */,
				F2088481274D5C21006D33BA /* PlanetsPresenter.swift */,
				F2088483274D5E17006D33BA /* PlanetTableViewCell.swift */,
			);
			path = Planets;
			sourceTree = "<group>";
		};
		F2088485274D6551006D33BA /* Extensions */ = {
			isa = PBXGroup;
			children = (
				F2088486274D6559006D33BA /* UIViewController+Extensions */,
			);
			path = Extensions;
			sourceTree = "<group>";
		};
		F2088486274D6559006D33BA /* UIViewController+Extensions */ = {
			isa = PBXGroup;
			children = (
				F2088487274D6590006D33BA /* UIViewController+Alert.swift */,
			);
			path = "UIViewController+Extensions";
			sourceTree = "<group>";
		};
		F208848C274D79C1006D33BA /* API */ = {
			isa = PBXGroup;
			children = (
				F208849F274D991D006D33BA /* Entities */,
				F2088496274D9410006D33BA /* Gateways */,
				F2088493274D9395006D33BA /* Requests */,
				F208848D274D9263006D33BA /* ApiClient.swift */,
				F2088491274D9324006D33BA /* ApiResponse.swift */,
				F20884A4274DA1A7006D33BA /* Constants.swift */,
			);
			path = API;
			sourceTree = "<group>";
		};
		F2088493274D9395006D33BA /* Requests */ = {
			isa = PBXGroup;
			children = (
				F2088494274D93AA006D33BA /* PlanetsApiRequest.swift */,
			);
			path = Requests;
			sourceTree = "<group>";
		};
		F2088496274D9410006D33BA /* Gateways */ = {
			isa = PBXGroup;
			children = (
				F2088497274D9424006D33BA /* ApiPlanetsGateway.swift */,
			);
			path = Gateways;
			sourceTree = "<group>";
		};
		F208849F274D991D006D33BA /* Entities */ = {
			isa = PBXGroup;
			children = (
				F20884A0274D9951006D33BA /* ApiPlanetsResponse.swift */,
			);
			path = Entities;
			sourceTree = "<group>";
		};
		F20884A8274DBE4D006D33BA /* LocalPersistence */ = {
			isa = PBXGroup;
			children = (
				F20884B0274DC476006D33BA /* Entities */,
				F20884AD274DC41E006D33BA /* Gateways */,
				F2B01485274BF4BA009F36F9 /* Planets.xcdatamodeld */,
				F20884A9274DC1F1006D33BA /* NSManagedObjectContext+Utils.swift */,
				F20884AB274DC295006D33BA /* CoreDataStack.swift */,
			);
			path = LocalPersistence;
			sourceTree = "<group>";
		};
		F20884AD274DC41E006D33BA /* Gateways */ = {
			isa = PBXGroup;
			children = (
				F20884AE274DC443006D33BA /* LocalPersistencePlanetsGateway.swift */,
			);
			path = Gateways;
			sourceTree = "<group>";
		};
		F20884B0274DC476006D33BA /* Entities */ = {
			isa = PBXGroup;
			children = (
				F20884B1274DC487006D33BA /* CoreDataPlanet.swift */,
			);
			path = Entities;
			sourceTree = "<group>";
		};
		F20884B3274DC5D4006D33BA /* Cache */ = {
			isa = PBXGroup;
			children = (
				F20884B4274DC5F9006D33BA /* CachePlanetsGateway.swift */,
			);
			path = Cache;
			sourceTree = "<group>";
		};
		F2B01470274BF4BA009F36F9 = {
			isa = PBXGroup;
			children = (
				F2B0147B274BF4BA009F36F9 /* Planets */,
				F2B01495274BF4BD009F36F9 /* PlanetsTests */,
				F2B014A0274BF4BD009F36F9 /* PlanetsUITests */,
				F2B0147A274BF4BA009F36F9 /* Products */,
			);
			sourceTree = "<group>";
		};
		F2B0147A274BF4BA009F36F9 /* Products */ = {
			isa = PBXGroup;
			children = (
				F2B01479274BF4BA009F36F9 /* Planets.app */,
				F2B01492274BF4BD009F36F9 /* PlanetsTests.xctest */,
				F2B0149D274BF4BD009F36F9 /* PlanetsUITests.xctest */,
			);
			name = Products;
			sourceTree = "<group>";
		};
		F2B0147B274BF4BA009F36F9 /* Planets */ = {
			isa = PBXGroup;
			children = (
				F2088485274D6551006D33BA /* Extensions */,
				F2B014AF274C0B20009F36F9 /* Core */,
				F208847C274CD30E006D33BA /* EntityGateway */,
				F208847D274CD321006D33BA /* Scenes */,
				F2B0147C274BF4BA009F36F9 /* AppDelegate.swift */,
				F2B0147E274BF4BA009F36F9 /* SceneDelegate.swift */,
				F2B01480274BF4BA009F36F9 /* ViewController.swift */,
				F2B01482274BF4BA009F36F9 /* Main.storyboard */,
				F2B01488274BF4BD009F36F9 /* Assets.xcassets */,
				F2B0148A274BF4BD009F36F9 /* LaunchScreen.storyboard */,
				F2B0148D274BF4BD009F36F9 /* Info.plist */,
			);
			path = Planets;
			sourceTree = "<group>";
		};
		F2B01495274BF4BD009F36F9 /* PlanetsTests */ = {
			isa = PBXGroup;
			children = (
				F2B01496274BF4BD009F36F9 /* PlanetsTests.swift */,
				F2B01498274BF4BD009F36F9 /* Info.plist */,
			);
			path = PlanetsTests;
			sourceTree = "<group>";
		};
		F2B014A0274BF4BD009F36F9 /* PlanetsUITests */ = {
			isa = PBXGroup;
			children = (
				F2B014A1274BF4BD009F36F9 /* PlanetsUITests.swift */,
				F2B014A3274BF4BD009F36F9 /* Info.plist */,
			);
			path = PlanetsUITests;
			sourceTree = "<group>";
		};
		F2B014AF274C0B20009F36F9 /* Core */ = {
			isa = PBXGroup;
			children = (
				F2B014B0274C0B27009F36F9 /* Entities */,
				F2B014B1274C0BA1009F36F9 /* Gateways */,
				F2B014B2274C0BB1009F36F9 /* UseCases */,
				F208848F274D92B1006D33BA /* Result.swift */,
			);
			path = Core;
			sourceTree = "<group>";
		};
		F2B014B0274C0B27009F36F9 /* Entities */ = {
			isa = PBXGroup;
			children = (
				F2088499274D952C006D33BA /* Planet.swift */,
			);
			path = Entities;
			sourceTree = "<group>";
		};
		F2B014B1274C0BA1009F36F9 /* Gateways */ = {
			isa = PBXGroup;
			children = (
				F208849B274D966E006D33BA /* PlanetsGateway.swift */,
			);
			path = Gateways;
			sourceTree = "<group>";
		};
		F2B014B2274C0BB1009F36F9 /* UseCases */ = {
			isa = PBXGroup;
			children = (
				F208849D274D9759006D33BA /* DisplayPlanetsList.swift */,
			);
			path = UseCases;
			sourceTree = "<group>";
		};
/* End PBXGroup section */

/* Begin PBXNativeTarget section */
		F2B01478274BF4BA009F36F9 /* Planets */ = {
			isa = PBXNativeTarget;
			buildConfigurationList = F2B014A6274BF4BD009F36F9 /* Build configuration list for PBXNativeTarget "Planets" */;
			buildPhases = (
				F2B01475274BF4BA009F36F9 /* Sources */,
				F2B01476274BF4BA009F36F9 /* Frameworks */,
				F2B01477274BF4BA009F36F9 /* Resources */,
			);
			buildRules = (
			);
			dependencies = (
			);
			name = Planets;
			productName = Planets;
			productReference = F2B01479274BF4BA009F36F9 /* Planets.app */;
			productType = "com.apple.product-type.application";
		};
		F2B01491274BF4BD009F36F9 /* PlanetsTests */ = {
			isa = PBXNativeTarget;
			buildConfigurationList = F2B014A9274BF4BD009F36F9 /* Build configuration list for PBXNativeTarget "PlanetsTests" */;
			buildPhases = (
				F2B0148E274BF4BD009F36F9 /* Sources */,
				F2B0148F274BF4BD009F36F9 /* Frameworks */,
				F2B01490274BF4BD009F36F9 /* Resources */,
			);
			buildRules = (
			);
			dependencies = (
				F2B01494274BF4BD009F36F9 /* PBXTargetDependency */,
			);
			name = PlanetsTests;
			productName = PlanetsTests;
			productReference = F2B01492274BF4BD009F36F9 /* PlanetsTests.xctest */;
			productType = "com.apple.product-type.bundle.unit-test";
		};
		F2B0149C274BF4BD009F36F9 /* PlanetsUITests */ = {
			isa = PBXNativeTarget;
			buildConfigurationList = F2B014AC274BF4BD009F36F9 /* Build configuration list for PBXNativeTarget "PlanetsUITests" */;
			buildPhases = (
				F2B01499274BF4BD009F36F9 /* Sources */,
				F2B0149A274BF4BD009F36F9 /* Frameworks */,
				F2B0149B274BF4BD009F36F9 /* Resources */,
			);
			buildRules = (
			);
			dependencies = (
				F2B0149F274BF4BD009F36F9 /* PBXTargetDependency */,
			);
			name = PlanetsUITests;
			productName = PlanetsUITests;
			productReference = F2B0149D274BF4BD009F36F9 /* PlanetsUITests.xctest */;
			productType = "com.apple.product-type.bundle.ui-testing";
		};
/* End PBXNativeTarget section */

/* Begin PBXProject section */
		F2B01471274BF4BA009F36F9 /* Project object */ = {
			isa = PBXProject;
			attributes = {
				LastSwiftUpdateCheck = 1250;
				LastUpgradeCheck = 1250;
				TargetAttributes = {
					F2B01478274BF4BA009F36F9 = {
						CreatedOnToolsVersion = 12.5.1;
					};
					F2B01491274BF4BD009F36F9 = {
						CreatedOnToolsVersion = 12.5.1;
						TestTargetID = F2B01478274BF4BA009F36F9;
					};
					F2B0149C274BF4BD009F36F9 = {
						CreatedOnToolsVersion = 12.5.1;
						TestTargetID = F2B01478274BF4BA009F36F9;
					};
				};
			};
			buildConfigurationList = F2B01474274BF4BA009F36F9 /* Build configuration list for PBXProject "Planets" */;
			compatibilityVersion = "Xcode 9.3";
			developmentRegion = en;
			hasScannedForEncodings = 0;
			knownRegions = (
				en,
				Base,
			);
			mainGroup = F2B01470274BF4BA009F36F9;
			productRefGroup = F2B0147A274BF4BA009F36F9 /* Products */;
			projectDirPath = "";
			projectRoot = "";
			targets = (
				F2B01478274BF4BA009F36F9 /* Planets */,
				F2B01491274BF4BD009F36F9 /* PlanetsTests */,
				F2B0149C274BF4BD009F36F9 /* PlanetsUITests */,
			);
		};
/* End PBXProject section */

/* Begin PBXResourcesBuildPhase section */
		F2B01477274BF4BA009F36F9 /* Resources */ = {
			isa = PBXResourcesBuildPhase;
			buildActionMask = 2147483647;
			files = (
				F2B0148C274BF4BD009F36F9 /* LaunchScreen.storyboard in Resources */,
				F20884B8274E7080006D33BA /* Colors.xcassets in Resources */,
				F2B01489274BF4BD009F36F9 /* Assets.xcassets in Resources */,
				F2B01484274BF4BA009F36F9 /* Main.storyboard in Resources */,
			);
			runOnlyForDeploymentPostprocessing = 0;
		};
		F2B01490274BF4BD009F36F9 /* Resources */ = {
			isa = PBXResourcesBuildPhase;
			buildActionMask = 2147483647;
			files = (
			);
			runOnlyForDeploymentPostprocessing = 0;
		};
		F2B0149B274BF4BD009F36F9 /* Resources */ = {
			isa = PBXResourcesBuildPhase;
			buildActionMask = 2147483647;
			files = (
			);
			runOnlyForDeploymentPostprocessing = 0;
		};
/* End PBXResourcesBuildPhase section */

/* Begin PBXSourcesBuildPhase section */
		F2B01475274BF4BA009F36F9 /* Sources */ = {
			isa = PBXSourcesBuildPhase;
			buildActionMask = 2147483647;
			files = (
				F20884AC274DC295006D33BA /* CoreDataStack.swift in Sources */,
				F2088492274D9324006D33BA /* ApiResponse.swift in Sources */,
				F2088484274D5E17006D33BA /* PlanetTableViewCell.swift in Sources */,
				F2B01481274BF4BA009F36F9 /* ViewController.swift in Sources */,
				F2088498274D9424006D33BA /* ApiPlanetsGateway.swift in Sources */,
				F208848E274D9263006D33BA /* ApiClient.swift in Sources */,
				F2088495274D93AA006D33BA /* PlanetsApiRequest.swift in Sources */,
				F2B0147D274BF4BA009F36F9 /* AppDelegate.swift in Sources */,
				F20884A1274D9951006D33BA /* ApiPlanetsResponse.swift in Sources */,
				F20884B5274DC5F9006D33BA /* CachePlanetsGateway.swift in Sources */,
				F2088482274D5C21006D33BA /* PlanetsPresenter.swift in Sources */,
				F20884AF274DC443006D33BA /* LocalPersistencePlanetsGateway.swift in Sources */,
				F2088480274D5B62006D33BA /* PlanetsTableViewController.swift in Sources */,
				F2088490274D92B1006D33BA /* Result.swift in Sources */,
				F20884AA274DC1F1006D33BA /* NSManagedObjectContext+Utils.swift in Sources */,
				F2B0147F274BF4BA009F36F9 /* SceneDelegate.swift in Sources */,
				F208849C274D966E006D33BA /* PlanetsGateway.swift in Sources */,
				F208849E274D9759006D33BA /* DisplayPlanetsList.swift in Sources */,
				F208849A274D952C006D33BA /* Planet.swift in Sources */,
				F2B01487274BF4BA009F36F9 /* Planets.xcdatamodeld in Sources */,
				F20884A7274DA355006D33BA /* PlanetsConfigurator.swift in Sources */,
				F20884B2274DC487006D33BA /* CoreDataPlanet.swift in Sources */,
				F2088488274D6590006D33BA /* UIViewController+Alert.swift in Sources */,
				F20884A5274DA1A7006D33BA /* Constants.swift in Sources */,
			);
			runOnlyForDeploymentPostprocessing = 0;
		};
		F2B0148E274BF4BD009F36F9 /* Sources */ = {
			isa = PBXSourcesBuildPhase;
			buildActionMask = 2147483647;
			files = (
				F2B01497274BF4BD009F36F9 /* PlanetsTests.swift in Sources */,
			);
			runOnlyForDeploymentPostprocessing = 0;
		};
		F2B01499274BF4BD009F36F9 /* Sources */ = {
			isa = PBXSourcesBuildPhase;
			buildActionMask = 2147483647;
			files = (
				F2B014A2274BF4BD009F36F9 /* PlanetsUITests.swift in Sources */,
			);
			runOnlyForDeploymentPostprocessing = 0;
		};
/* End PBXSourcesBuildPhase section */

/* Begin PBXTargetDependency section */
		F2B01494274BF4BD009F36F9 /* PBXTargetDependency */ = {
			isa = PBXTargetDependency;
			target = F2B01478274BF4BA009F36F9 /* Planets */;
			targetProxy = F2B01493274BF4BD009F36F9 /* PBXContainerItemProxy */;
		};
		F2B0149F274BF4BD009F36F9 /* PBXTargetDependency */ = {
			isa = PBXTargetDependency;
			target = F2B01478274BF4BA009F36F9 /* Planets */;
			targetProxy = F2B0149E274BF4BD009F36F9 /* PBXContainerItemProxy */;
		};
/* End PBXTargetDependency section */

/* Begin PBXVariantGroup section */
		F2B01482274BF4BA009F36F9 /* Main.storyboard */ = {
			isa = PBXVariantGroup;
			children = (
				F2B01483274BF4BA009F36F9 /* Base */,
			);
			name = Main.storyboard;
			sourceTree = "<group>";
		};
		F2B0148A274BF4BD009F36F9 /* LaunchScreen.storyboard */ = {
			isa = PBXVariantGroup;
			children = (
				F2B0148B274BF4BD009F36F9 /* Base */,
			);
			name = LaunchScreen.storyboard;
			sourceTree = "<group>";
		};
/* End PBXVariantGroup section */

/* Begin XCBuildConfiguration section */
		F2B014A4274BF4BD009F36F9 /* Debug */ = {
			isa = XCBuildConfiguration;
			buildSettings = {
				ALWAYS_SEARCH_USER_PATHS = NO;
				CLANG_ANALYZER_NONNULL = YES;
				CLANG_ANALYZER_NUMBER_OBJECT_CONVERSION = YES_AGGRESSIVE;
				CLANG_CXX_LANGUAGE_STANDARD = "gnu++14";
				CLANG_CXX_LIBRARY = "libc++";
				CLANG_ENABLE_MODULES = YES;
				CLANG_ENABLE_OBJC_ARC = YES;
				CLANG_ENABLE_OBJC_WEAK = YES;
				CLANG_WARN_BLOCK_CAPTURE_AUTORELEASING = YES;
				CLANG_WARN_BOOL_CONVERSION = YES;
				CLANG_WARN_COMMA = YES;
				CLANG_WARN_CONSTANT_CONVERSION = YES;
				CLANG_WARN_DEPRECATED_OBJC_IMPLEMENTATIONS = YES;
				CLANG_WARN_DIRECT_OBJC_ISA_USAGE = YES_ERROR;
				CLANG_WARN_DOCUMENTATION_COMMENTS = YES;
				CLANG_WARN_EMPTY_BODY = YES;
				CLANG_WARN_ENUM_CONVERSION = YES;
				CLANG_WARN_INFINITE_RECURSION = YES;
				CLANG_WARN_INT_CONVERSION = YES;
				CLANG_WARN_NON_LITERAL_NULL_CONVERSION = YES;
				CLANG_WARN_OBJC_IMPLICIT_RETAIN_SELF = YES;
				CLANG_WARN_OBJC_LITERAL_CONVERSION = YES;
				CLANG_WARN_OBJC_ROOT_CLASS = YES_ERROR;
				CLANG_WARN_QUOTED_INCLUDE_IN_FRAMEWORK_HEADER = YES;
				CLANG_WARN_RANGE_LOOP_ANALYSIS = YES;
				CLANG_WARN_STRICT_PROTOTYPES = YES;
				CLANG_WARN_SUSPICIOUS_MOVE = YES;
				CLANG_WARN_UNGUARDED_AVAILABILITY = YES_AGGRESSIVE;
				CLANG_WARN_UNREACHABLE_CODE = YES;
				CLANG_WARN__DUPLICATE_METHOD_MATCH = YES;
				COPY_PHASE_STRIP = NO;
				DEBUG_INFORMATION_FORMAT = dwarf;
				ENABLE_STRICT_OBJC_MSGSEND = YES;
				ENABLE_TESTABILITY = YES;
				GCC_C_LANGUAGE_STANDARD = gnu11;
				GCC_DYNAMIC_NO_PIC = NO;
				GCC_NO_COMMON_BLOCKS = YES;
				GCC_OPTIMIZATION_LEVEL = 0;
				GCC_PREPROCESSOR_DEFINITIONS = (
					"DEBUG=1",
					"$(inherited)",
				);
				GCC_WARN_64_TO_32_BIT_CONVERSION = YES;
				GCC_WARN_ABOUT_RETURN_TYPE = YES_ERROR;
				GCC_WARN_UNDECLARED_SELECTOR = YES;
				GCC_WARN_UNINITIALIZED_AUTOS = YES_AGGRESSIVE;
				GCC_WARN_UNUSED_FUNCTION = YES;
				GCC_WARN_UNUSED_VARIABLE = YES;
				IPHONEOS_DEPLOYMENT_TARGET = 14.5;
				MTL_ENABLE_DEBUG_INFO = INCLUDE_SOURCE;
				MTL_FAST_MATH = YES;
				ONLY_ACTIVE_ARCH = YES;
				SDKROOT = iphoneos;
				SWIFT_ACTIVE_COMPILATION_CONDITIONS = DEBUG;
				SWIFT_OPTIMIZATION_LEVEL = "-Onone";
			};
			name = Debug;
		};
		F2B014A5274BF4BD009F36F9 /* Release */ = {
			isa = XCBuildConfiguration;
			buildSettings = {
				ALWAYS_SEARCH_USER_PATHS = NO;
				CLANG_ANALYZER_NONNULL = YES;
				CLANG_ANALYZER_NUMBER_OBJECT_CONVERSION = YES_AGGRESSIVE;
				CLANG_CXX_LANGUAGE_STANDARD = "gnu++14";
				CLANG_CXX_LIBRARY = "libc++";
				CLANG_ENABLE_MODULES = YES;
				CLANG_ENABLE_OBJC_ARC = YES;
				CLANG_ENABLE_OBJC_WEAK = YES;
				CLANG_WARN_BLOCK_CAPTURE_AUTORELEASING = YES;
				CLANG_WARN_BOOL_CONVERSION = YES;
				CLANG_WARN_COMMA = YES;
				CLANG_WARN_CONSTANT_CONVERSION = YES;
				CLANG_WARN_DEPRECATED_OBJC_IMPLEMENTATIONS = YES;
				CLANG_WARN_DIRECT_OBJC_ISA_USAGE = YES_ERROR;
				CLANG_WARN_DOCUMENTATION_COMMENTS = YES;
				CLANG_WARN_EMPTY_BODY = YES;
				CLANG_WARN_ENUM_CONVERSION = YES;
				CLANG_WARN_INFINITE_RECURSION = YES;
				CLANG_WARN_INT_CONVERSION = YES;
				CLANG_WARN_NON_LITERAL_NULL_CONVERSION = YES;
				CLANG_WARN_OBJC_IMPLICIT_RETAIN_SELF = YES;
				CLANG_WARN_OBJC_LITERAL_CONVERSION = YES;
				CLANG_WARN_OBJC_ROOT_CLASS = YES_ERROR;
				CLANG_WARN_QUOTED_INCLUDE_IN_FRAMEWORK_HEADER = YES;
				CLANG_WARN_RANGE_LOOP_ANALYSIS = YES;
				CLANG_WARN_STRICT_PROTOTYPES = YES;
				CLANG_WARN_SUSPICIOUS_MOVE = YES;
				CLANG_WARN_UNGUARDED_AVAILABILITY = YES_AGGRESSIVE;
				CLANG_WARN_UNREACHABLE_CODE = YES;
				CLANG_WARN__DUPLICATE_METHOD_MATCH = YES;
				COPY_PHASE_STRIP = NO;
				DEBUG_INFORMATION_FORMAT = "dwarf-with-dsym";
				ENABLE_NS_ASSERTIONS = NO;
				ENABLE_STRICT_OBJC_MSGSEND = YES;
				GCC_C_LANGUAGE_STANDARD = gnu11;
				GCC_NO_COMMON_BLOCKS = YES;
				GCC_WARN_64_TO_32_BIT_CONVERSION = YES;
				GCC_WARN_ABOUT_RETURN_TYPE = YES_ERROR;
				GCC_WARN_UNDECLARED_SELECTOR = YES;
				GCC_WARN_UNINITIALIZED_AUTOS = YES_AGGRESSIVE;
				GCC_WARN_UNUSED_FUNCTION = YES;
				GCC_WARN_UNUSED_VARIABLE = YES;
				IPHONEOS_DEPLOYMENT_TARGET = 14.5;
				MTL_ENABLE_DEBUG_INFO = NO;
				MTL_FAST_MATH = YES;
				SDKROOT = iphoneos;
				SWIFT_COMPILATION_MODE = wholemodule;
				SWIFT_OPTIMIZATION_LEVEL = "-O";
				VALIDATE_PRODUCT = YES;
			};
			name = Release;
		};
		F2B014A7274BF4BD009F36F9 /* Debug */ = {
			isa = XCBuildConfiguration;
			buildSettings = {
				ASSETCATALOG_COMPILER_APPICON_NAME = AppIcon;
				ASSETCATALOG_COMPILER_GLOBAL_ACCENT_COLOR_NAME = AccentColor;
				CODE_SIGN_STYLE = Automatic;
				DEVELOPMENT_TEAM = MXPDHWAC44;
				INFOPLIST_FILE = Planets/Info.plist;
				IPHONEOS_DEPLOYMENT_TARGET = 13.0;
				LD_RUNPATH_SEARCH_PATHS = (
					"$(inherited)",
					"@executable_path/Frameworks",
				);
				PRODUCT_BUNDLE_IDENTIFIER = JPMC.Planets.eg;
				PRODUCT_NAME = "$(TARGET_NAME)";
				SWIFT_VERSION = 5.0;
				TARGETED_DEVICE_FAMILY = "1,2";
			};
			name = Debug;
		};
		F2B014A8274BF4BD009F36F9 /* Release */ = {
			isa = XCBuildConfiguration;
			buildSettings = {
				ASSETCATALOG_COMPILER_APPICON_NAME = AppIcon;
				ASSETCATALOG_COMPILER_GLOBAL_ACCENT_COLOR_NAME = AccentColor;
				CODE_SIGN_STYLE = Automatic;
				DEVELOPMENT_TEAM = MXPDHWAC44;
				INFOPLIST_FILE = Planets/Info.plist;
				IPHONEOS_DEPLOYMENT_TARGET = 13.0;
				LD_RUNPATH_SEARCH_PATHS = (
					"$(inherited)",
					"@executable_path/Frameworks",
				);
				PRODUCT_BUNDLE_IDENTIFIER = JPMC.Planets.eg;
				PRODUCT_NAME = "$(TARGET_NAME)";
				SWIFT_VERSION = 5.0;
				TARGETED_DEVICE_FAMILY = "1,2";
			};
			name = Release;
		};
		F2B014AA274BF4BD009F36F9 /* Debug */ = {
			isa = XCBuildConfiguration;
			buildSettings = {
				ALWAYS_EMBED_SWIFT_STANDARD_LIBRARIES = YES;
				BUNDLE_LOADER = "$(TEST_HOST)";
				CODE_SIGN_STYLE = Automatic;
				DEVELOPMENT_TEAM = LGB62TRSZ6;
				INFOPLIST_FILE = PlanetsTests/Info.plist;
				IPHONEOS_DEPLOYMENT_TARGET = 14.5;
				LD_RUNPATH_SEARCH_PATHS = (
					"$(inherited)",
					"@executable_path/Frameworks",
					"@loader_path/Frameworks",
				);
				PRODUCT_BUNDLE_IDENTIFIER = JPMC.PlanetsTests;
				PRODUCT_NAME = "$(TARGET_NAME)";
				SWIFT_VERSION = 5.0;
				TARGETED_DEVICE_FAMILY = "1,2";
				TEST_HOST = "$(BUILT_PRODUCTS_DIR)/Planets.app/Planets";
			};
			name = Debug;
		};
		F2B014AB274BF4BD009F36F9 /* Release */ = {
			isa = XCBuildConfiguration;
			buildSettings = {
				ALWAYS_EMBED_SWIFT_STANDARD_LIBRARIES = YES;
				BUNDLE_LOADER = "$(TEST_HOST)";
				CODE_SIGN_STYLE = Automatic;
				DEVELOPMENT_TEAM = LGB62TRSZ6;
				INFOPLIST_FILE = PlanetsTests/Info.plist;
				IPHONEOS_DEPLOYMENT_TARGET = 14.5;
				LD_RUNPATH_SEARCH_PATHS = (
					"$(inherited)",
					"@executable_path/Frameworks",
					"@loader_path/Frameworks",
				);
				PRODUCT_BUNDLE_IDENTIFIER = JPMC.PlanetsTests;
				PRODUCT_NAME = "$(TARGET_NAME)";
				SWIFT_VERSION = 5.0;
				TARGETED_DEVICE_FAMILY = "1,2";
				TEST_HOST = "$(BUILT_PRODUCTS_DIR)/Planets.app/Planets";
			};
			name = Release;
		};
		F2B014AD274BF4BD009F36F9 /* Debug */ = {
			isa = XCBuildConfiguration;
			buildSettings = {
				ALWAYS_EMBED_SWIFT_STANDARD_LIBRARIES = YES;
				CODE_SIGN_STYLE = Automatic;
				DEVELOPMENT_TEAM = LGB62TRSZ6;
				INFOPLIST_FILE = PlanetsUITests/Info.plist;
				LD_RUNPATH_SEARCH_PATHS = (
					"$(inherited)",
					"@executable_path/Frameworks",
					"@loader_path/Frameworks",
				);
				PRODUCT_BUNDLE_IDENTIFIER = JPMC.PlanetsUITests;
				PRODUCT_NAME = "$(TARGET_NAME)";
				SWIFT_VERSION = 5.0;
				TARGETED_DEVICE_FAMILY = "1,2";
				TEST_TARGET_NAME = Planets;
			};
			name = Debug;
		};
		F2B014AE274BF4BD009F36F9 /* Release */ = {
			isa = XCBuildConfiguration;
			buildSettings = {
				ALWAYS_EMBED_SWIFT_STANDARD_LIBRARIES = YES;
				CODE_SIGN_STYLE = Automatic;
				DEVELOPMENT_TEAM = LGB62TRSZ6;
				INFOPLIST_FILE = PlanetsUITests/Info.plist;
				LD_RUNPATH_SEARCH_PATHS = (
					"$(inherited)",
					"@executable_path/Frameworks",
					"@loader_path/Frameworks",
				);
				PRODUCT_BUNDLE_IDENTIFIER = JPMC.PlanetsUITests;
				PRODUCT_NAME = "$(TARGET_NAME)";
				SWIFT_VERSION = 5.0;
				TARGETED_DEVICE_FAMILY = "1,2";
				TEST_TARGET_NAME = Planets;
			};
			name = Release;
		};
/* End XCBuildConfiguration section */

/* Begin XCConfigurationList section */
		F2B01474274BF4BA009F36F9 /* Build configuration list for PBXProject "Planets" */ = {
			isa = XCConfigurationList;
			buildConfigurations = (
				F2B014A4274BF4BD009F36F9 /* Debug */,
				F2B014A5274BF4BD009F36F9 /* Release */,
			);
			defaultConfigurationIsVisible = 0;
			defaultConfigurationName = Release;
		};
		F2B014A6274BF4BD009F36F9 /* Build configuration list for PBXNativeTarget "Planets" */ = {
			isa = XCConfigurationList;
			buildConfigurations = (
				F2B014A7274BF4BD009F36F9 /* Debug */,
				F2B014A8274BF4BD009F36F9 /* Release */,
			);
			defaultConfigurationIsVisible = 0;
			defaultConfigurationName = Release;
		};
		F2B014A9274BF4BD009F36F9 /* Build configuration list for PBXNativeTarget "PlanetsTests" */ = {
			isa = XCConfigurationList;
			buildConfigurations = (
				F2B014AA274BF4BD009F36F9 /* Debug */,
				F2B014AB274BF4BD009F36F9 /* Release */,
			);
			defaultConfigurationIsVisible = 0;
			defaultConfigurationName = Release;
		};
		F2B014AC274BF4BD009F36F9 /* Build configuration list for PBXNativeTarget "PlanetsUITests" */ = {
			isa = XCConfigurationList;
			buildConfigurations = (
				F2B014AD274BF4BD009F36F9 /* Debug */,
				F2B014AE274BF4BD009F36F9 /* Release */,
			);
			defaultConfigurationIsVisible = 0;
			defaultConfigurationName = Release;
		};
/* End XCConfigurationList section */

/* Begin XCVersionGroup section */
		F2B01485274BF4BA009F36F9 /* Planets.xcdatamodeld */ = {
			isa = XCVersionGroup;
			children = (
				F2B01486274BF4BA009F36F9 /* Planets.xcdatamodel */,
			);
			currentVersion = F2B01486274BF4BA009F36F9 /* Planets.xcdatamodel */;
			path = Planets.xcdatamodeld;
			sourceTree = "<group>";
			versionGroupType = wrapper.xcdatamodel;
		};
/* End XCVersionGroup section */
	};
	rootObject = F2B01471274BF4BA009F36F9 /* Project object */;
}
